
Microsoft Visual Studio Solution File, Format Version 12.00
# Visual Studio Version 17
VisualStudioVersion = 17.7.34031.279
MinimumVisualStudioVersion = 10.0.40219.1
Project("{FAE04EC0-301F-11D3-BF4B-00C04F79EFBC}") = "labC#3", "labC#3\labC#3.csproj", "{94FBA0C5-FF1F-447E-927E-3385CD8E4F1B}"
EndProject
Global
	GlobalSection(SolutionConfigurationPlatforms) = preSolution
		Debug|Any CPU = Debug|Any CPU
		Release|Any CPU = Release|Any CPU
	EndGlobalSection
	GlobalSection(ProjectConfigurationPlatforms) = postSolution
		{94FBA0C5-FF1F-447E-927E-3385CD8E4F1B}.Debug|Any CPU.ActiveCfg = Debug|Any CPU
		{94FBA0C5-FF1F-447E-927E-3385CD8E4F1B}.Debug|Any CPU.Build.0 = Debug|Any CPU
		{94FBA0C5-FF1F-447E-927E-3385CD8E4F1B}.Release|Any CPU.ActiveCfg = Release|Any CPU
		{94FBA0C5-FF1F-447E-927E-3385CD8E4F1B}.Release|Any CPU.Build.0 = Release|Any CPU
	EndGlobalSection
	GlobalSection(SolutionProperties) = preSolution
		HideSolutionNode = FALSE
	EndGlobalSection
	GlobalSection(ExtensibilityGlobals) = postSolution
		SolutionGuid = {CC6D573D-F617-4B98-B1B0-6CAD3EABE15D}
	EndGlobalSection
EndGlobal
